
Microsoft Visual Studio Solution File, Format Version 12.00
# Visual Studio Version 16
VisualStudioVersion = 16.0.29209.62
MinimumVisualStudioVersion = 10.0.40219.1
Project("{FAE04EC0-301F-11D3-BF4B-00C04F79EFBC}") = "ConvexHullOfLatticePoints", "ConvexHullOfLatticePoints\ConvexHullOfLatticePoints.csproj", "{61E942D3-32C1-4D7C-A66A-8A708AC3AD39}"
EndProject
Global
	GlobalSection(SolutionConfigurationPlatforms) = preSolution
		Debug|Any CPU = Debug|Any CPU
		Release|Any CPU = Release|Any CPU
	EndGlobalSection
	GlobalSection(ProjectConfigurationPlatforms) = postSolution
		{61E942D3-32C1-4D7C-A66A-8A708AC3AD39}.Debug|Any CPU.ActiveCfg = Debug|Any CPU
		{61E942D3-32C1-4D7C-A66A-8A708AC3AD39}.Debug|Any CPU.Build.0 = Debug|Any CPU
		{61E942D3-32C1-4D7C-A66A-8A708AC3AD39}.Release|Any CPU.ActiveCfg = Release|Any CPU
		{61E942D3-32C1-4D7C-A66A-8A708AC3AD39}.Release|Any CPU.Build.0 = Release|Any CPU
	EndGlobalSection
	GlobalSection(SolutionProperties) = preSolution
		HideSolutionNode = FALSE
	EndGlobalSection
	GlobalSection(ExtensibilityGlobals) = postSolution
		SolutionGuid = {736D4CDA-3838-4005-AFE4-9E36B7E75C57}
	EndGlobalSection
EndGlobal
