
Microsoft Visual Studio Solution File, Format Version 12.00
# Visual Studio Version 16
VisualStudioVersion = 16.0.29209.62
MinimumVisualStudioVersion = 10.0.40219.1
Project("{FAE04EC0-301F-11D3-BF4B-00C04F79EFBC}") = "FIndtheLowestDraw", "FIndtheLowestDraw\FIndtheLowestDraw.csproj", "{CDD648FD-BC7A-4E88-9057-BD709A19750F}"
EndProject
Global
	GlobalSection(SolutionConfigurationPlatforms) = preSolution
		Debug|Any CPU = Debug|Any CPU
		Release|Any CPU = Release|Any CPU
	EndGlobalSection
	GlobalSection(ProjectConfigurationPlatforms) = postSolution
		{CDD648FD-BC7A-4E88-9057-BD709A19750F}.Debug|Any CPU.ActiveCfg = Debug|Any CPU
		{CDD648FD-BC7A-4E88-9057-BD709A19750F}.Debug|Any CPU.Build.0 = Debug|Any CPU
		{CDD648FD-BC7A-4E88-9057-BD709A19750F}.Release|Any CPU.ActiveCfg = Release|Any CPU
		{CDD648FD-BC7A-4E88-9057-BD709A19750F}.Release|Any CPU.Build.0 = Release|Any CPU
	EndGlobalSection
	GlobalSection(SolutionProperties) = preSolution
		HideSolutionNode = FALSE
	EndGlobalSection
	GlobalSection(ExtensibilityGlobals) = postSolution
		SolutionGuid = {D7C96539-8DA2-46D2-A554-FADB6D1DEEB5}
	EndGlobalSection
EndGlobal
