
Microsoft Visual Studio Solution File, Format Version 12.00
# Visual Studio Version 16
VisualStudioVersion = 16.0.29215.179
MinimumVisualStudioVersion = 10.0.40219.1
Project("{FAE04EC0-301F-11D3-BF4B-00C04F79EFBC}") = "ConvexHullGui", "ConvexHullGui\ConvexHullGui.csproj", "{3A5769B0-430E-444A-AB87-48A18B86D129}"
EndProject
Global
	GlobalSection(SolutionConfigurationPlatforms) = preSolution
		Debug|Any CPU = Debug|Any CPU
		Release|Any CPU = Release|Any CPU
	EndGlobalSection
	GlobalSection(ProjectConfigurationPlatforms) = postSolution
		{3A5769B0-430E-444A-AB87-48A18B86D129}.Debug|Any CPU.ActiveCfg = Debug|Any CPU
		{3A5769B0-430E-444A-AB87-48A18B86D129}.Debug|Any CPU.Build.0 = Debug|Any CPU
		{3A5769B0-430E-444A-AB87-48A18B86D129}.Release|Any CPU.ActiveCfg = Release|Any CPU
		{3A5769B0-430E-444A-AB87-48A18B86D129}.Release|Any CPU.Build.0 = Release|Any CPU
	EndGlobalSection
	GlobalSection(SolutionProperties) = preSolution
		HideSolutionNode = FALSE
	EndGlobalSection
	GlobalSection(ExtensibilityGlobals) = postSolution
		SolutionGuid = {B258DE29-8DA2-4676-A794-EFEF3908D105}
	EndGlobalSection
EndGlobal
