
Microsoft Visual Studio Solution File, Format Version 12.00
# Visual Studio Version 16
VisualStudioVersion = 16.0.29209.62
MinimumVisualStudioVersion = 10.0.40219.1
Project("{FAE04EC0-301F-11D3-BF4B-00C04F79EFBC}") = "readfile", "readfile\readfile.csproj", "{BB3BC4D2-A72A-48F3-9B29-3E7AB681B624}"
EndProject
Global
	GlobalSection(SolutionConfigurationPlatforms) = preSolution
		Debug|Any CPU = Debug|Any CPU
		Release|Any CPU = Release|Any CPU
	EndGlobalSection
	GlobalSection(ProjectConfigurationPlatforms) = postSolution
		{BB3BC4D2-A72A-48F3-9B29-3E7AB681B624}.Debug|Any CPU.ActiveCfg = Debug|Any CPU
		{BB3BC4D2-A72A-48F3-9B29-3E7AB681B624}.Debug|Any CPU.Build.0 = Debug|Any CPU
		{BB3BC4D2-A72A-48F3-9B29-3E7AB681B624}.Release|Any CPU.ActiveCfg = Release|Any CPU
		{BB3BC4D2-A72A-48F3-9B29-3E7AB681B624}.Release|Any CPU.Build.0 = Release|Any CPU
	EndGlobalSection
	GlobalSection(SolutionProperties) = preSolution
		HideSolutionNode = FALSE
	EndGlobalSection
	GlobalSection(ExtensibilityGlobals) = postSolution
		SolutionGuid = {009D887A-F912-4C1D-B685-98EF45C9FAD7}
	EndGlobalSection
EndGlobal
