
Microsoft Visual Studio Solution File, Format Version 12.00
# Visual Studio Version 16
VisualStudioVersion = 16.0.29209.62
MinimumVisualStudioVersion = 10.0.40219.1
Project("{FAE04EC0-301F-11D3-BF4B-00C04F79EFBC}") = "PracticeConvex", "PracticeConvex\PracticeConvex.csproj", "{B54A3F17-E3C8-479F-96AB-26CD8FDB7279}"
EndProject
Global
	GlobalSection(SolutionConfigurationPlatforms) = preSolution
		Debug|Any CPU = Debug|Any CPU
		Release|Any CPU = Release|Any CPU
	EndGlobalSection
	GlobalSection(ProjectConfigurationPlatforms) = postSolution
		{B54A3F17-E3C8-479F-96AB-26CD8FDB7279}.Debug|Any CPU.ActiveCfg = Debug|Any CPU
		{B54A3F17-E3C8-479F-96AB-26CD8FDB7279}.Debug|Any CPU.Build.0 = Debug|Any CPU
		{B54A3F17-E3C8-479F-96AB-26CD8FDB7279}.Release|Any CPU.ActiveCfg = Release|Any CPU
		{B54A3F17-E3C8-479F-96AB-26CD8FDB7279}.Release|Any CPU.Build.0 = Release|Any CPU
	EndGlobalSection
	GlobalSection(SolutionProperties) = preSolution
		HideSolutionNode = FALSE
	EndGlobalSection
	GlobalSection(ExtensibilityGlobals) = postSolution
		SolutionGuid = {1A4CCF0B-AC07-4D09-90C6-58B94D6FC0D8}
	EndGlobalSection
EndGlobal
