
Microsoft Visual Studio Solution File, Format Version 12.00
# Visual Studio Version 16
VisualStudioVersion = 16.0.29209.62
MinimumVisualStudioVersion = 10.0.40219.1
Project("{FAE04EC0-301F-11D3-BF4B-00C04F79EFBC}") = "Convex Hull Finding", "Convex Hull Finding\Convex Hull Finding.csproj", "{34B99CF1-1863-4515-B997-BFF9F264B6E4}"
EndProject
Global
	GlobalSection(SolutionConfigurationPlatforms) = preSolution
		Debug|Any CPU = Debug|Any CPU
		Release|Any CPU = Release|Any CPU
	EndGlobalSection
	GlobalSection(ProjectConfigurationPlatforms) = postSolution
		{34B99CF1-1863-4515-B997-BFF9F264B6E4}.Debug|Any CPU.ActiveCfg = Debug|Any CPU
		{34B99CF1-1863-4515-B997-BFF9F264B6E4}.Debug|Any CPU.Build.0 = Debug|Any CPU
		{34B99CF1-1863-4515-B997-BFF9F264B6E4}.Release|Any CPU.ActiveCfg = Release|Any CPU
		{34B99CF1-1863-4515-B997-BFF9F264B6E4}.Release|Any CPU.Build.0 = Release|Any CPU
	EndGlobalSection
	GlobalSection(SolutionProperties) = preSolution
		HideSolutionNode = FALSE
	EndGlobalSection
	GlobalSection(ExtensibilityGlobals) = postSolution
		SolutionGuid = {EDA3848B-9306-401D-B084-46333C6AF3C7}
	EndGlobalSection
EndGlobal
